# THIS IS AN AUTOGENERATED FILE. DO NOT EDIT THIS FILE DIRECTLY.
# yarn lockfile v1


commander@~2.1.0:
  version "2.1.0"
  resolved "https://registry.yarnpkg.com/commander/-/commander-2.1.0.tgz#d121bbae860d9992a3d517ba96f56588e47c6781"

readlines@^0.2.0:
  version "0.2.0"
  resolved "https://registry.yarnpkg.com/readlines/-/readlines-0.2.0.tgz#289243264e869768b0a789bb86f3383967ab781f"
  dependencies:
    commander "~2.1.0"
